
Microsoft Visual Studio Solution File, Format Version 12.00
# Visual Studio Version 17
VisualStudioVersion = 17.13.35913.81 d17.13
MinimumVisualStudioVersion = 10.0.40219.1
Project("{FAE04EC0-301F-11D3-BF4B-00C04F79EFBC}") = "T1. PR2. Threads i Tasks", "T1. PR2. Threads i Tasks\T1. PR2. Threads i Tasks.csproj", "{F7EBADDC-72DB-4598-89BC-C06D10CE395C}"
EndProject
Global
	GlobalSection(SolutionConfigurationPlatforms) = preSolution
		Debug|Any CPU = Debug|Any CPU
		Release|Any CPU = Release|Any CPU
	EndGlobalSection
	GlobalSection(ProjectConfigurationPlatforms) = postSolution
		{F7EBADDC-72DB-4598-89BC-C06D10CE395C}.Debug|Any CPU.ActiveCfg = Debug|Any CPU
		{F7EBADDC-72DB-4598-89BC-C06D10CE395C}.Debug|Any CPU.Build.0 = Debug|Any CPU
		{F7EBADDC-72DB-4598-89BC-C06D10CE395C}.Release|Any CPU.ActiveCfg = Release|Any CPU
		{F7EBADDC-72DB-4598-89BC-C06D10CE395C}.Release|Any CPU.Build.0 = Release|Any CPU
	EndGlobalSection
	GlobalSection(SolutionProperties) = preSolution
		HideSolutionNode = FALSE
	EndGlobalSection
	GlobalSection(ExtensibilityGlobals) = postSolution
		SolutionGuid = {32BB3DB4-8BFA-4FBA-917D-01073B31D2BD}
	EndGlobalSection
EndGlobal
