
Microsoft Visual Studio Solution File, Format Version 12.00
# Visual Studio Version 17
VisualStudioVersion = 17.13.35913.81 d17.13
MinimumVisualStudioVersion = 10.0.40219.1
Project("{FAE04EC0-301F-11D3-BF4B-00C04F79EFBC}") = "T1. PR2. Threads i Tasks - Asteroid", "T1. PR2. Threads i Tasks - Asteroid\T1. PR2. Threads i Tasks - Asteroid.csproj", "{D4B1EB13-C7B1-415C-8DCC-AD3041C2EFD7}"
EndProject
Global
	GlobalSection(SolutionConfigurationPlatforms) = preSolution
		Debug|Any CPU = Debug|Any CPU
		Release|Any CPU = Release|Any CPU
	EndGlobalSection
	GlobalSection(ProjectConfigurationPlatforms) = postSolution
		{D4B1EB13-C7B1-415C-8DCC-AD3041C2EFD7}.Debug|Any CPU.ActiveCfg = Debug|Any CPU
		{D4B1EB13-C7B1-415C-8DCC-AD3041C2EFD7}.Debug|Any CPU.Build.0 = Debug|Any CPU
		{D4B1EB13-C7B1-415C-8DCC-AD3041C2EFD7}.Release|Any CPU.ActiveCfg = Release|Any CPU
		{D4B1EB13-C7B1-415C-8DCC-AD3041C2EFD7}.Release|Any CPU.Build.0 = Release|Any CPU
	EndGlobalSection
	GlobalSection(SolutionProperties) = preSolution
		HideSolutionNode = FALSE
	EndGlobalSection
	GlobalSection(ExtensibilityGlobals) = postSolution
		SolutionGuid = {52EE888D-0B7A-49A4-A999-C034715A552B}
	EndGlobalSection
EndGlobal
